
Microsoft Visual Studio Solution File, Format Version 12.00
# Visual Studio Version 16
VisualStudioVersion = 16.0.28922.388
MinimumVisualStudioVersion = 10.0.40219.1
Project("{FAE04EC0-301F-11D3-BF4B-00C04F79EFBC}") = "CSharpExercise", "CSharpExercise\CSharpExercise.csproj", "{4A8D304A-CE65-4CAC-A381-7BF0A8FD1C19}"
EndProject
Global
	GlobalSection(SolutionConfigurationPlatforms) = preSolution
		Debug|Any CPU = Debug|Any CPU
		Release|Any CPU = Release|Any CPU
	EndGlobalSection
	GlobalSection(ProjectConfigurationPlatforms) = postSolution
		{4A8D304A-CE65-4CAC-A381-7BF0A8FD1C19}.Debug|Any CPU.ActiveCfg = Debug|Any CPU
		{4A8D304A-CE65-4CAC-A381-7BF0A8FD1C19}.Debug|Any CPU.Build.0 = Debug|Any CPU
		{4A8D304A-CE65-4CAC-A381-7BF0A8FD1C19}.Release|Any CPU.ActiveCfg = Release|Any CPU
		{4A8D304A-CE65-4CAC-A381-7BF0A8FD1C19}.Release|Any CPU.Build.0 = Release|Any CPU
	EndGlobalSection
	GlobalSection(SolutionProperties) = preSolution
		HideSolutionNode = FALSE
	EndGlobalSection
	GlobalSection(ExtensibilityGlobals) = postSolution
		SolutionGuid = {F0B78ACA-94C8-444E-B3E4-48720FD1E67F}
	EndGlobalSection
EndGlobal
